# This file is machine-generated by `gh actions-lock`.
# Do not edit by hand; run `gh actions-lock` to update.
# Docs: https://gh.io/actions-lockfile
version: 'v0.0.2'
workflows:
    '.github/workflows/ci.yml':
        - 'actions/checkout@v7.0.1'
        - 'actions/setup-node@v4.4.0'
        - 'pnpm/action-setup@v6.0.10'
    '.github/workflows/deploy.yml':
        - 'actions/checkout@v7.0.1'
        - 'actions/deploy-pages@v5.0.1'
        - 'actions/setup-node@v4.4.0'
        - 'actions/upload-pages-artifact@v5.0.0'
        - 'pnpm/action-setup@v6.0.10'
    '.github/workflows/external-links.yml':
        - 'actions/checkout@v7.0.1'
        - 'actions/setup-node@v4.4.0'
        - 'pnpm/action-setup@v6.0.10'
    '.github/workflows/playwright.yml':
        - 'actions/checkout@v7.0.1'
        - 'actions/setup-node@v4.4.0'
        - 'actions/upload-artifact@v7.0.1'
        - 'pnpm/action-setup@v6.0.10'
dependencies:
    'actions/checkout@v7.0.1':
        ref: 'v7.0.1'
        commit: 'sha1-3d3c42e5aac5ba805825da76410c181273ba90b1'
        owner_id: 44036562
        repo_id: 197814629
    'actions/deploy-pages@v5.0.1':
        ref: 'v5.0.1'
        commit: 'sha1-368f82528645a54fb793d4d04e342629a3f51346'
        owner_id: 44036562
        repo_id: 438112499
    'actions/setup-node@v4.4.0':
        ref: 'v4.4.0'
        commit: 'sha1-49933ea5288caeca8642d1e84afbd3f7d6820020'
        owner_id: 44036562
        repo_id: 189476904
    'actions/upload-artifact@bbbca2ddaa5d8feaa63e36b76fdaad77386f024f':
        ref: 'v7.0.0'
        commit: 'sha1-bbbca2ddaa5d8feaa63e36b76fdaad77386f024f'
        owner_id: 44036562
        repo_id: 192625955
    'actions/upload-artifact@v7.0.1':
        ref: 'v7.0.1'
        commit: 'sha1-043fb46d1a93c77aae656e7c1c64a875d1fc6a0a'
        owner_id: 44036562
        repo_id: 192625955
    'actions/upload-pages-artifact@v5.0.0':
        ref: 'v5.0.0'
        commit: 'sha1-fc324d3547104276b827a68afc52ff2a11cc49c9'
        owner_id: 44036562
        repo_id: 496012378
        uses:
            - 'actions/upload-artifact@bbbca2ddaa5d8feaa63e36b76fdaad77386f024f'
    'pnpm/action-setup@v6.0.10':
        ref: 'v6.0.10'
        commit: 'sha1-0977fd99725f1db4007ccb2928dbb4e90d06cc86'
        owner_id: 21320719
        repo_id: 262289747
